
Microsoft Visual Studio Solution File, Format Version 12.00
# Visual Studio Version 16
VisualStudioVersion = 16.0.35425.106
MinimumVisualStudioVersion = 10.0.40219.1
Project("{FAE04EC0-301F-11D3-BF4B-00C04F79EFBC}") = "MessageSender", "MessageSender\MessageSender.csproj", "{233A913A-9FD6-40BF-942D-A3A52D141265}"
EndProject
Project("{FAE04EC0-301F-11D3-BF4B-00C04F79EFBC}") = "MessengerSender.DAL", "MessengerSender.DAL\MessengerSender.DAL.csproj", "{E6019D0E-B1C3-4FFD-B743-55B0E11490EB}"
EndProject
Project("{FAE04EC0-301F-11D3-BF4B-00C04F79EFBC}") = "MessageSender.Models", "MessageSender.Models\MessageSender.Models.csproj", "{64A4B8C2-0924-41C3-8E5D-223C372DE323}"
EndProject
Project("{FAE04EC0-301F-11D3-BF4B-00C04F79EFBC}") = "MessengerSender.UnitTest", "MessengerSenderUnitTest\MessengerSender.UnitTest.csproj", "{F58E5080-87E0-41C3-BD13-7DF7873137B9}"
EndProject
Global
	GlobalSection(SolutionConfigurationPlatforms) = preSolution
		Debug|Any CPU = Debug|Any CPU
		Debug|ARM = Debug|ARM
		Debug|ARM64 = Debug|ARM64
		Debug|x64 = Debug|x64
		Debug|x86 = Debug|x86
		Release|Any CPU = Release|Any CPU
		Release|ARM = Release|ARM
		Release|ARM64 = Release|ARM64
		Release|x64 = Release|x64
		Release|x86 = Release|x86
	EndGlobalSection
	GlobalSection(ProjectConfigurationPlatforms) = postSolution
		{233A913A-9FD6-40BF-942D-A3A52D141265}.Debug|Any CPU.ActiveCfg = Debug|x86
		{233A913A-9FD6-40BF-942D-A3A52D141265}.Debug|ARM.ActiveCfg = Debug|ARM
		{233A913A-9FD6-40BF-942D-A3A52D141265}.Debug|ARM.Build.0 = Debug|ARM
		{233A913A-9FD6-40BF-942D-A3A52D141265}.Debug|ARM.Deploy.0 = Debug|ARM
		{233A913A-9FD6-40BF-942D-A3A52D141265}.Debug|ARM64.ActiveCfg = Debug|ARM64
		{233A913A-9FD6-40BF-942D-A3A52D141265}.Debug|ARM64.Build.0 = Debug|ARM64
		{233A913A-9FD6-40BF-942D-A3A52D141265}.Debug|ARM64.Deploy.0 = Debug|ARM64
		{233A913A-9FD6-40BF-942D-A3A52D141265}.Debug|x64.ActiveCfg = Debug|x64
		{233A913A-9FD6-40BF-942D-A3A52D141265}.Debug|x64.Build.0 = Debug|x64
		{233A913A-9FD6-40BF-942D-A3A52D141265}.Debug|x64.Deploy.0 = Debug|x64
		{233A913A-9FD6-40BF-942D-A3A52D141265}.Debug|x86.ActiveCfg = Debug|x86
		{233A913A-9FD6-40BF-942D-A3A52D141265}.Debug|x86.Build.0 = Debug|x86
		{233A913A-9FD6-40BF-942D-A3A52D141265}.Debug|x86.Deploy.0 = Debug|x86
		{233A913A-9FD6-40BF-942D-A3A52D141265}.Release|Any CPU.ActiveCfg = Release|x86
		{233A913A-9FD6-40BF-942D-A3A52D141265}.Release|ARM.ActiveCfg = Release|ARM
		{233A913A-9FD6-40BF-942D-A3A52D141265}.Release|ARM.Build.0 = Release|ARM
		{233A913A-9FD6-40BF-942D-A3A52D141265}.Release|ARM.Deploy.0 = Release|ARM
		{233A913A-9FD6-40BF-942D-A3A52D141265}.Release|ARM64.ActiveCfg = Release|ARM64
		{233A913A-9FD6-40BF-942D-A3A52D141265}.Release|ARM64.Build.0 = Release|ARM64
		{233A913A-9FD6-40BF-942D-A3A52D141265}.Release|ARM64.Deploy.0 = Release|ARM64
		{233A913A-9FD6-40BF-942D-A3A52D141265}.Release|x64.ActiveCfg = Release|x64
		{233A913A-9FD6-40BF-942D-A3A52D141265}.Release|x64.Build.0 = Release|x64
		{233A913A-9FD6-40BF-942D-A3A52D141265}.Release|x64.Deploy.0 = Release|x64
		{233A913A-9FD6-40BF-942D-A3A52D141265}.Release|x86.ActiveCfg = Release|x86
		{233A913A-9FD6-40BF-942D-A3A52D141265}.Release|x86.Build.0 = Release|x86
		{233A913A-9FD6-40BF-942D-A3A52D141265}.Release|x86.Deploy.0 = Release|x86
		{E6019D0E-B1C3-4FFD-B743-55B0E11490EB}.Debug|Any CPU.ActiveCfg = Debug|Any CPU
		{E6019D0E-B1C3-4FFD-B743-55B0E11490EB}.Debug|Any CPU.Build.0 = Debug|Any CPU
		{E6019D0E-B1C3-4FFD-B743-55B0E11490EB}.Debug|ARM.ActiveCfg = Debug|ARM
		{E6019D0E-B1C3-4FFD-B743-55B0E11490EB}.Debug|ARM.Build.0 = Debug|ARM
		{E6019D0E-B1C3-4FFD-B743-55B0E11490EB}.Debug|ARM64.ActiveCfg = Debug|ARM64
		{E6019D0E-B1C3-4FFD-B743-55B0E11490EB}.Debug|ARM64.Build.0 = Debug|ARM64
		{E6019D0E-B1C3-4FFD-B743-55B0E11490EB}.Debug|x64.ActiveCfg = Debug|x64
		{E6019D0E-B1C3-4FFD-B743-55B0E11490EB}.Debug|x64.Build.0 = Debug|x64
		{E6019D0E-B1C3-4FFD-B743-55B0E11490EB}.Debug|x86.ActiveCfg = Debug|x86
		{E6019D0E-B1C3-4FFD-B743-55B0E11490EB}.Debug|x86.Build.0 = Debug|x86
		{E6019D0E-B1C3-4FFD-B743-55B0E11490EB}.Release|Any CPU.ActiveCfg = Release|Any CPU
		{E6019D0E-B1C3-4FFD-B743-55B0E11490EB}.Release|Any CPU.Build.0 = Release|Any CPU
		{E6019D0E-B1C3-4FFD-B743-55B0E11490EB}.Release|ARM.ActiveCfg = Release|ARM
		{E6019D0E-B1C3-4FFD-B743-55B0E11490EB}.Release|ARM.Build.0 = Release|ARM
		{E6019D0E-B1C3-4FFD-B743-55B0E11490EB}.Release|ARM64.ActiveCfg = Release|ARM64
		{E6019D0E-B1C3-4FFD-B743-55B0E11490EB}.Release|ARM64.Build.0 = Release|ARM64
		{E6019D0E-B1C3-4FFD-B743-55B0E11490EB}.Release|x64.ActiveCfg = Release|x64
		{E6019D0E-B1C3-4FFD-B743-55B0E11490EB}.Release|x64.Build.0 = Release|x64
		{E6019D0E-B1C3-4FFD-B743-55B0E11490EB}.Release|x86.ActiveCfg = Release|x86
		{E6019D0E-B1C3-4FFD-B743-55B0E11490EB}.Release|x86.Build.0 = Release|x86
		{64A4B8C2-0924-41C3-8E5D-223C372DE323}.Debug|Any CPU.ActiveCfg = Debug|Any CPU
		{64A4B8C2-0924-41C3-8E5D-223C372DE323}.Debug|Any CPU.Build.0 = Debug|Any CPU
		{64A4B8C2-0924-41C3-8E5D-223C372DE323}.Debug|ARM.ActiveCfg = Debug|ARM
		{64A4B8C2-0924-41C3-8E5D-223C372DE323}.Debug|ARM.Build.0 = Debug|ARM
		{64A4B8C2-0924-41C3-8E5D-223C372DE323}.Debug|ARM64.ActiveCfg = Debug|ARM64
		{64A4B8C2-0924-41C3-8E5D-223C372DE323}.Debug|ARM64.Build.0 = Debug|ARM64
		{64A4B8C2-0924-41C3-8E5D-223C372DE323}.Debug|x64.ActiveCfg = Debug|x64
		{64A4B8C2-0924-41C3-8E5D-223C372DE323}.Debug|x64.Build.0 = Debug|x64
		{64A4B8C2-0924-41C3-8E5D-223C372DE323}.Debug|x86.ActiveCfg = Debug|x86
		{64A4B8C2-0924-41C3-8E5D-223C372DE323}.Debug|x86.Build.0 = Debug|x86
		{64A4B8C2-0924-41C3-8E5D-223C372DE323}.Release|Any CPU.ActiveCfg = Release|Any CPU
		{64A4B8C2-0924-41C3-8E5D-223C372DE323}.Release|Any CPU.Build.0 = Release|Any CPU
		{64A4B8C2-0924-41C3-8E5D-223C372DE323}.Release|ARM.ActiveCfg = Release|ARM
		{64A4B8C2-0924-41C3-8E5D-223C372DE323}.Release|ARM.Build.0 = Release|ARM
		{64A4B8C2-0924-41C3-8E5D-223C372DE323}.Release|ARM64.ActiveCfg = Release|ARM64
		{64A4B8C2-0924-41C3-8E5D-223C372DE323}.Release|ARM64.Build.0 = Release|ARM64
		{64A4B8C2-0924-41C3-8E5D-223C372DE323}.Release|x64.ActiveCfg = Release|x64
		{64A4B8C2-0924-41C3-8E5D-223C372DE323}.Release|x64.Build.0 = Release|x64
		{64A4B8C2-0924-41C3-8E5D-223C372DE323}.Release|x86.ActiveCfg = Release|x86
		{64A4B8C2-0924-41C3-8E5D-223C372DE323}.Release|x86.Build.0 = Release|x86
		{F58E5080-87E0-41C3-BD13-7DF7873137B9}.Debug|Any CPU.ActiveCfg = Debug|x86
		{F58E5080-87E0-41C3-BD13-7DF7873137B9}.Debug|ARM.ActiveCfg = Debug|ARM
		{F58E5080-87E0-41C3-BD13-7DF7873137B9}.Debug|ARM.Build.0 = Debug|ARM
		{F58E5080-87E0-41C3-BD13-7DF7873137B9}.Debug|ARM.Deploy.0 = Debug|ARM
		{F58E5080-87E0-41C3-BD13-7DF7873137B9}.Debug|ARM64.ActiveCfg = Debug|ARM64
		{F58E5080-87E0-41C3-BD13-7DF7873137B9}.Debug|ARM64.Build.0 = Debug|ARM64
		{F58E5080-87E0-41C3-BD13-7DF7873137B9}.Debug|ARM64.Deploy.0 = Debug|ARM64
		{F58E5080-87E0-41C3-BD13-7DF7873137B9}.Debug|x64.ActiveCfg = Debug|x64
		{F58E5080-87E0-41C3-BD13-7DF7873137B9}.Debug|x64.Build.0 = Debug|x64
		{F58E5080-87E0-41C3-BD13-7DF7873137B9}.Debug|x64.Deploy.0 = Debug|x64
		{F58E5080-87E0-41C3-BD13-7DF7873137B9}.Debug|x86.ActiveCfg = Debug|x86
		{F58E5080-87E0-41C3-BD13-7DF7873137B9}.Debug|x86.Build.0 = Debug|x86
		{F58E5080-87E0-41C3-BD13-7DF7873137B9}.Debug|x86.Deploy.0 = Debug|x86
		{F58E5080-87E0-41C3-BD13-7DF7873137B9}.Release|Any CPU.ActiveCfg = Release|x86
		{F58E5080-87E0-41C3-BD13-7DF7873137B9}.Release|ARM.ActiveCfg = Release|ARM
		{F58E5080-87E0-41C3-BD13-7DF7873137B9}.Release|ARM.Build.0 = Release|ARM
		{F58E5080-87E0-41C3-BD13-7DF7873137B9}.Release|ARM.Deploy.0 = Release|ARM
		{F58E5080-87E0-41C3-BD13-7DF7873137B9}.Release|ARM64.ActiveCfg = Release|ARM64
		{F58E5080-87E0-41C3-BD13-7DF7873137B9}.Release|ARM64.Build.0 = Release|ARM64
		{F58E5080-87E0-41C3-BD13-7DF7873137B9}.Release|ARM64.Deploy.0 = Release|ARM64
		{F58E5080-87E0-41C3-BD13-7DF7873137B9}.Release|x64.ActiveCfg = Release|x64
		{F58E5080-87E0-41C3-BD13-7DF7873137B9}.Release|x64.Build.0 = Release|x64
		{F58E5080-87E0-41C3-BD13-7DF7873137B9}.Release|x64.Deploy.0 = Release|x64
		{F58E5080-87E0-41C3-BD13-7DF7873137B9}.Release|x86.ActiveCfg = Release|x86
		{F58E5080-87E0-41C3-BD13-7DF7873137B9}.Release|x86.Build.0 = Release|x86
		{F58E5080-87E0-41C3-BD13-7DF7873137B9}.Release|x86.Deploy.0 = Release|x86
	EndGlobalSection
	GlobalSection(SolutionProperties) = preSolution
		HideSolutionNode = FALSE
	EndGlobalSection
	GlobalSection(ExtensibilityGlobals) = postSolution
		SolutionGuid = {0F5EFC52-0B3C-4DB4-B966-4B1FCD1F5BD8}
	EndGlobalSection
EndGlobal
